
Microsoft Visual Studio Solution File, Format Version 12.00
# Visual Studio Version 17
VisualStudioVersion = 17.5.002.0
MinimumVisualStudioVersion = 10.0.40219.1
Project("{9A19103F-16F7-4668-BE54-9A1E7A4F7556}") = "MediatorEx", "MediatorEx.csproj", "{5A9745FD-1903-46F5-98BD-3B2F6DEE9A16}"
EndProject
Global
	GlobalSection(SolutionConfigurationPlatforms) = preSolution
		Debug|Any CPU = Debug|Any CPU
		Release|Any CPU = Release|Any CPU
	EndGlobalSection
	GlobalSection(ProjectConfigurationPlatforms) = postSolution
		{5A9745FD-1903-46F5-98BD-3B2F6DEE9A16}.Debug|Any CPU.ActiveCfg = Debug|Any CPU
		{5A9745FD-1903-46F5-98BD-3B2F6DEE9A16}.Debug|Any CPU.Build.0 = Debug|Any CPU
		{5A9745FD-1903-46F5-98BD-3B2F6DEE9A16}.Release|Any CPU.ActiveCfg = Release|Any CPU
		{5A9745FD-1903-46F5-98BD-3B2F6DEE9A16}.Release|Any CPU.Build.0 = Release|Any CPU
	EndGlobalSection
	GlobalSection(SolutionProperties) = preSolution
		HideSolutionNode = FALSE
	EndGlobalSection
	GlobalSection(ExtensibilityGlobals) = postSolution
		SolutionGuid = {D617969E-6088-48E9-B352-04A94D871FCE}
	EndGlobalSection
EndGlobal
